
Microsoft Visual Studio Solution File, Format Version 12.00
# Visual Studio Version 16
VisualStudioVersion = 16.0.29613.14
MinimumVisualStudioVersion = 10.0.40219.1
Project("{FAE04EC0-301F-11D3-BF4B-00C04F79EFBC}") = "SXLZ.OnLineEdu.IService", "SXLZ.OnLineEdu.IService.csproj", "{3B02FB8D-780F-4F76-9F75-F1E87372649A}"
EndProject
Project("{9A19103F-16F7-4668-BE54-9A1E7A4F7556}") = "SXLZ.OnLineEdu.CourseApi", "SXLZ.OnlineEdu.CourseApi\SXLZ.OnLineEdu.CourseApi.csproj", "{D66BD326-5543-4239-A261-C27C1F36F4D5}"
EndProject
Project("{9A19103F-16F7-4668-BE54-9A1E7A4F7556}") = "SXLZ.OnLineEdu.BaseApi", "SXLZ.OnLineEdu.BaseApi\SXLZ.OnLineEdu.BaseApi.csproj", "{12133EE6-AFC6-4F29-BEDB-F48BB2A7F576}"
EndProject
Project("{9A19103F-16F7-4668-BE54-9A1E7A4F7556}") = "SXLZ.OnLineEdu.AdminApi", "SXLZ.OnLineEdu.AdminApi\SXLZ.OnLineEdu.AdminApi.csproj", "{3A72FD30-A96C-4912-8643-5929F43E1A9C}"
EndProject
Project("{2150E333-8FDC-42A3-9474-1A3956D46DE8}") = "WebApi", "WebApi", "{87A540C9-EC06-4966-AEA5-752194DDC3F2}"
EndProject
Project("{9A19103F-16F7-4668-BE54-9A1E7A4F7556}") = "SXLZ.OnLineEdu.ServiceImpl", "SXLZ.OnLineEdu.ServiceImpl\SXLZ.OnLineEdu.ServiceImpl.csproj", "{741F1508-B168-41FA-86A7-8509F32452BD}"
EndProject
Project("{2150E333-8FDC-42A3-9474-1A3956D46DE8}") = "Interface", "Interface", "{884E0555-CB13-4BD9-ACEC-1F69CB1D0EAD}"
EndProject
Project("{9A19103F-16F7-4668-BE54-9A1E7A4F7556}") = "SXLZ.OnLineEdu.Repository", "SXLZ.OnLineEdu.Repository\SXLZ.OnLineEdu.Repository.csproj", "{8A254142-16B2-4CEA-8C1E-DBA23CC5BF48}"
EndProject
Project("{9A19103F-16F7-4668-BE54-9A1E7A4F7556}") = "IdentityServer", "IdentityServer\IdentityServer.csproj", "{4EE7155B-47C2-4817-BBD9-D0624709F80C}"
EndProject
Project("{9A19103F-16F7-4668-BE54-9A1E7A4F7556}") = "SXLZ.OnLineEdu.Utilies", "SXLZ.OnLineEdu.Utilies\SXLZ.OnLineEdu.Utilies.csproj", "{E868FDE1-167D-4805-9ACD-C5DE5DFAB279}"
EndProject
Project("{9A19103F-16F7-4668-BE54-9A1E7A4F7556}") = "SXLZ.OnLineEdu.ServiceDiscovery", "SXLZ.OnLineEdu.ServiceDiscovery.Consul\SXLZ.OnLineEdu.ServiceDiscovery.csproj", "{672B6C96-5FE1-4E8B-A421-6B0D37A5260A}"
EndProject
Project("{9A19103F-16F7-4668-BE54-9A1E7A4F7556}") = "SXLZ.OnLineEdu.ApiGateWay", "SXLZ.OnLineEdu.ApiGateWay\SXLZ.OnLineEdu.ApiGateWay.csproj", "{57C020CE-1DA7-41DE-8575-C1CE00347662}"
EndProject
Project("{2150E333-8FDC-42A3-9474-1A3956D46DE8}") = "Gateway", "Gateway", "{F8420E84-B067-4BAB-B92F-EA7180B124BC}"
EndProject
Project("{FAE04EC0-301F-11D3-BF4B-00C04F79EFBC}") = "SXLZ.OnLineEdu.Model", "SXLZ.OnLineEdu.Model\SXLZ.OnLineEdu.Model.csproj", "{48E130A9-C744-4CE2-87BC-3DA6283977D8}"
EndProject
Project("{2150E333-8FDC-42A3-9474-1A3956D46DE8}") = "DDD", "DDD", "{FB8508E7-6FF8-43E6-B652-9F54E012EAE8}"
EndProject
Project("{2150E333-8FDC-42A3-9474-1A3956D46DE8}") = "Utilies", "Utilies", "{D74F7453-0984-4622-ABE3-02C3F85C3B41}"
EndProject
Project("{2150E333-8FDC-42A3-9474-1A3956D46DE8}") = "UserCenter", "UserCenter", "{4C0E3379-3196-4BED-B389-955342B54D4B}"
EndProject
Project("{FAE04EC0-301F-11D3-BF4B-00C04F79EFBC}") = "SXLZ.OnLineEdu.EventBusApi", "SXLZ.OnLineEdu.EventBusApi\SXLZ.OnLineEdu.EventBusApi.csproj", "{68989066-17D1-4A84-A954-EAFC42BA802B}"
EndProject
Global
	GlobalSection(SolutionConfigurationPlatforms) = preSolution
		Debug|Any CPU = Debug|Any CPU
		Release|Any CPU = Release|Any CPU
	EndGlobalSection
	GlobalSection(ProjectConfigurationPlatforms) = postSolution
		{3B02FB8D-780F-4F76-9F75-F1E87372649A}.Debug|Any CPU.ActiveCfg = Debug|Any CPU
		{3B02FB8D-780F-4F76-9F75-F1E87372649A}.Debug|Any CPU.Build.0 = Debug|Any CPU
		{3B02FB8D-780F-4F76-9F75-F1E87372649A}.Release|Any CPU.ActiveCfg = Release|Any CPU
		{3B02FB8D-780F-4F76-9F75-F1E87372649A}.Release|Any CPU.Build.0 = Release|Any CPU
		{D66BD326-5543-4239-A261-C27C1F36F4D5}.Debug|Any CPU.ActiveCfg = Debug|Any CPU
		{D66BD326-5543-4239-A261-C27C1F36F4D5}.Debug|Any CPU.Build.0 = Debug|Any CPU
		{D66BD326-5543-4239-A261-C27C1F36F4D5}.Release|Any CPU.ActiveCfg = Release|Any CPU
		{D66BD326-5543-4239-A261-C27C1F36F4D5}.Release|Any CPU.Build.0 = Release|Any CPU
		{12133EE6-AFC6-4F29-BEDB-F48BB2A7F576}.Debug|Any CPU.ActiveCfg = Debug|Any CPU
		{12133EE6-AFC6-4F29-BEDB-F48BB2A7F576}.Debug|Any CPU.Build.0 = Debug|Any CPU
		{12133EE6-AFC6-4F29-BEDB-F48BB2A7F576}.Release|Any CPU.ActiveCfg = Release|Any CPU
		{12133EE6-AFC6-4F29-BEDB-F48BB2A7F576}.Release|Any CPU.Build.0 = Release|Any CPU
		{3A72FD30-A96C-4912-8643-5929F43E1A9C}.Debug|Any CPU.ActiveCfg = Debug|Any CPU
		{3A72FD30-A96C-4912-8643-5929F43E1A9C}.Debug|Any CPU.Build.0 = Debug|Any CPU
		{3A72FD30-A96C-4912-8643-5929F43E1A9C}.Release|Any CPU.ActiveCfg = Release|Any CPU
		{3A72FD30-A96C-4912-8643-5929F43E1A9C}.Release|Any CPU.Build.0 = Release|Any CPU
		{741F1508-B168-41FA-86A7-8509F32452BD}.Debug|Any CPU.ActiveCfg = Debug|Any CPU
		{741F1508-B168-41FA-86A7-8509F32452BD}.Debug|Any CPU.Build.0 = Debug|Any CPU
		{741F1508-B168-41FA-86A7-8509F32452BD}.Release|Any CPU.ActiveCfg = Release|Any CPU
		{741F1508-B168-41FA-86A7-8509F32452BD}.Release|Any CPU.Build.0 = Release|Any CPU
		{8A254142-16B2-4CEA-8C1E-DBA23CC5BF48}.Debug|Any CPU.ActiveCfg = Debug|Any CPU
		{8A254142-16B2-4CEA-8C1E-DBA23CC5BF48}.Debug|Any CPU.Build.0 = Debug|Any CPU
		{8A254142-16B2-4CEA-8C1E-DBA23CC5BF48}.Release|Any CPU.ActiveCfg = Release|Any CPU
		{8A254142-16B2-4CEA-8C1E-DBA23CC5BF48}.Release|Any CPU.Build.0 = Release|Any CPU
		{4EE7155B-47C2-4817-BBD9-D0624709F80C}.Debug|Any CPU.ActiveCfg = Debug|Any CPU
		{4EE7155B-47C2-4817-BBD9-D0624709F80C}.Debug|Any CPU.Build.0 = Debug|Any CPU
		{4EE7155B-47C2-4817-BBD9-D0624709F80C}.Release|Any CPU.ActiveCfg = Release|Any CPU
		{4EE7155B-47C2-4817-BBD9-D0624709F80C}.Release|Any CPU.Build.0 = Release|Any CPU
		{E868FDE1-167D-4805-9ACD-C5DE5DFAB279}.Debug|Any CPU.ActiveCfg = Debug|Any CPU
		{E868FDE1-167D-4805-9ACD-C5DE5DFAB279}.Debug|Any CPU.Build.0 = Debug|Any CPU
		{E868FDE1-167D-4805-9ACD-C5DE5DFAB279}.Release|Any CPU.ActiveCfg = Release|Any CPU
		{E868FDE1-167D-4805-9ACD-C5DE5DFAB279}.Release|Any CPU.Build.0 = Release|Any CPU
		{672B6C96-5FE1-4E8B-A421-6B0D37A5260A}.Debug|Any CPU.ActiveCfg = Debug|Any CPU
		{672B6C96-5FE1-4E8B-A421-6B0D37A5260A}.Debug|Any CPU.Build.0 = Debug|Any CPU
		{672B6C96-5FE1-4E8B-A421-6B0D37A5260A}.Release|Any CPU.ActiveCfg = Release|Any CPU
		{672B6C96-5FE1-4E8B-A421-6B0D37A5260A}.Release|Any CPU.Build.0 = Release|Any CPU
		{57C020CE-1DA7-41DE-8575-C1CE00347662}.Debug|Any CPU.ActiveCfg = Debug|Any CPU
		{57C020CE-1DA7-41DE-8575-C1CE00347662}.Debug|Any CPU.Build.0 = Debug|Any CPU
		{57C020CE-1DA7-41DE-8575-C1CE00347662}.Release|Any CPU.ActiveCfg = Release|Any CPU
		{57C020CE-1DA7-41DE-8575-C1CE00347662}.Release|Any CPU.Build.0 = Release|Any CPU
		{48E130A9-C744-4CE2-87BC-3DA6283977D8}.Debug|Any CPU.ActiveCfg = Debug|Any CPU
		{48E130A9-C744-4CE2-87BC-3DA6283977D8}.Debug|Any CPU.Build.0 = Debug|Any CPU
		{48E130A9-C744-4CE2-87BC-3DA6283977D8}.Release|Any CPU.ActiveCfg = Release|Any CPU
		{48E130A9-C744-4CE2-87BC-3DA6283977D8}.Release|Any CPU.Build.0 = Release|Any CPU
		{68989066-17D1-4A84-A954-EAFC42BA802B}.Debug|Any CPU.ActiveCfg = Debug|Any CPU
		{68989066-17D1-4A84-A954-EAFC42BA802B}.Debug|Any CPU.Build.0 = Debug|Any CPU
		{68989066-17D1-4A84-A954-EAFC42BA802B}.Release|Any CPU.ActiveCfg = Release|Any CPU
		{68989066-17D1-4A84-A954-EAFC42BA802B}.Release|Any CPU.Build.0 = Release|Any CPU
	EndGlobalSection
	GlobalSection(SolutionProperties) = preSolution
		HideSolutionNode = FALSE
	EndGlobalSection
	GlobalSection(NestedProjects) = preSolution
		{3B02FB8D-780F-4F76-9F75-F1E87372649A} = {884E0555-CB13-4BD9-ACEC-1F69CB1D0EAD}
		{D66BD326-5543-4239-A261-C27C1F36F4D5} = {87A540C9-EC06-4966-AEA5-752194DDC3F2}
		{12133EE6-AFC6-4F29-BEDB-F48BB2A7F576} = {87A540C9-EC06-4966-AEA5-752194DDC3F2}
		{3A72FD30-A96C-4912-8643-5929F43E1A9C} = {87A540C9-EC06-4966-AEA5-752194DDC3F2}
		{741F1508-B168-41FA-86A7-8509F32452BD} = {884E0555-CB13-4BD9-ACEC-1F69CB1D0EAD}
		{8A254142-16B2-4CEA-8C1E-DBA23CC5BF48} = {884E0555-CB13-4BD9-ACEC-1F69CB1D0EAD}
		{4EE7155B-47C2-4817-BBD9-D0624709F80C} = {4C0E3379-3196-4BED-B389-955342B54D4B}
		{E868FDE1-167D-4805-9ACD-C5DE5DFAB279} = {D74F7453-0984-4622-ABE3-02C3F85C3B41}
		{672B6C96-5FE1-4E8B-A421-6B0D37A5260A} = {F8420E84-B067-4BAB-B92F-EA7180B124BC}
		{57C020CE-1DA7-41DE-8575-C1CE00347662} = {F8420E84-B067-4BAB-B92F-EA7180B124BC}
		{48E130A9-C744-4CE2-87BC-3DA6283977D8} = {FB8508E7-6FF8-43E6-B652-9F54E012EAE8}
		{68989066-17D1-4A84-A954-EAFC42BA802B} = {87A540C9-EC06-4966-AEA5-752194DDC3F2}
	EndGlobalSection
	GlobalSection(ExtensibilityGlobals) = postSolution
		SolutionGuid = {47906F97-3276-4F5A-8D5A-1872E492FFD1}
	EndGlobalSection
EndGlobal
